// !$*UTF8*$!
{
	archiveVersion = 1;
	classes = {
	};
	objectVersion = 56;
	objects = {

/* Begin PBXBuildFile section */
		3033E2C82B923C2900F12097 /* ChallengeApp.swift in Sources */ = {isa = PBXBuildFile; fileRef = 3033E2C72B923C2900F12097 /* ChallengeApp.swift */; };
		3033E2CA2B923C2900F12097 /* ContentView.swift in Sources */ = {isa = PBXBuildFile; fileRef = 3033E2C92B923C2900F12097 /* ContentView.swift */; };
		3033E2CC2B923C3000F12097 /* Assets.xcassets in Resources */ = {isa = PBXBuildFile; fileRef = 3033E2CB2B923C3000F12097 /* Assets.xcassets */; };
		3033E2D02B923C3000F12097 /* Preview Assets.xcassets in Resources */ = {isa = PBXBuildFile; fileRef = 3033E2CF2B923C3000F12097 /* Preview Assets.xcassets */; };
		3033E2DA2B923C3000F12097 /* ChallengeTests.swift in Sources */ = {isa = PBXBuildFile; fileRef = 3033E2D92B923C3000F12097 /* ChallengeTests.swift */; };
		3033E2E42B923C3000F12097 /* ChallengeUITests.swift in Sources */ = {isa = PBXBuildFile; fileRef = 3033E2E32B923C3000F12097 /* ChallengeUITests.swift */; };
		3033E2E62B923C3000F12097 /* ChallengeUITestsLaunchTests.swift in Sources */ = {isa = PBXBuildFile; fileRef = 3033E2E52B923C3000F12097 /* ChallengeUITestsLaunchTests.swift */; };
/* End PBXBuildFile section */

/* Begin PBXContainerItemProxy section */
		3033E2D62B923C3000F12097 /* PBXContainerItemProxy */ = {
			isa = PBXContainerItemProxy;
			containerPortal = 3033E2BC2B923C2900F12097 /* Project object */;
			proxyType = 1;
			remoteGlobalIDString = 3033E2C32B923C2900F12097;
			remoteInfo = Challenge;
		};
		3033E2E02B923C3000F12097 /* PBXContainerItemProxy */ = {
			isa = PBXContainerItemProxy;
			containerPortal = 3033E2BC2B923C2900F12097 /* Project object */;
			proxyType = 1;
			remoteGlobalIDString = 3033E2C32B923C2900F12097;
			remoteInfo = Challenge;
		};
/* End PBXContainerItemProxy section */

/* Begin PBXFileReference section */
		3033E2C42B923C2900F12097 /* Challenge.app */ = {isa = PBXFileReference; explicitFileType = wrapper.application; includeInIndex = 0; path = Challenge.app; sourceTree = BUILT_PRODUCTS_DIR; };
		3033E2C72B923C2900F12097 /* ChallengeApp.swift */ = {isa = PBXFileReference; lastKnownFileType = sourcecode.swift; path = ChallengeApp.swift; sourceTree = "<group>"; };
		3033E2C92B923C2900F12097 /* ContentView.swift */ = {isa = PBXFileReference; lastKnownFileType = sourcecode.swift; path = ContentView.swift; sourceTree = "<group>"; };
		3033E2CB2B923C3000F12097 /* Assets.xcassets */ = {isa = PBXFileReference; lastKnownFileType = folder.assetcatalog; path = Assets.xcassets; sourceTree = "<group>"; };
		3033E2CD2B923C3000F12097 /* Challenge.entitlements */ = {isa = PBXFileReference; lastKnownFileType = text.plist.entitlements; path = Challenge.entitlements; sourceTree = "<group>"; };
		3033E2CF2B923C3000F12097 /* Preview Assets.xcassets */ = {isa = PBXFileReference; lastKnownFileType = folder.assetcatalog; path = "Preview Assets.xcassets"; sourceTree = "<group>"; };
		3033E2D52B923C3000F12097 /* ChallengeTests.xctest */ = {isa = PBXFileReference; explicitFileType = wrapper.cfbundle; includeInIndex = 0; path = ChallengeTests.xctest; sourceTree = BUILT_PRODUCTS_DIR; };
		3033E2D92B923C3000F12097 /* ChallengeTests.swift */ = {isa = PBXFileReference; lastKnownFileType = sourcecode.swift; path = ChallengeTests.swift; sourceTree = "<group>"; };
		3033E2DF2B923C3000F12097 /* ChallengeUITests.xctest */ = {isa = PBXFileReference; explicitFileType = wrapper.cfbundle; includeInIndex = 0; path = ChallengeUITests.xctest; sourceTree = BUILT_PRODUCTS_DIR; };
		3033E2E32B923C3000F12097 /* ChallengeUITests.swift */ = {isa = PBXFileReference; lastKnownFileType = sourcecode.swift; path = ChallengeUITests.swift; sourceTree = "<group>"; };
		3033E2E52B923C3000F12097 /* ChallengeUITestsLaunchTests.swift */ = {isa = PBXFileReference; lastKnownFileType = sourcecode.swift; path = ChallengeUITestsLaunchTests.swift; sourceTree = "<group>"; };
/* End PBXFileReference section */

/* Begin PBXFrameworksBuildPhase section */
		3033E2C12B923C2900F12097 /* Frameworks */ = {
			isa = PBXFrameworksBuildPhase;
			buildActionMask = 2147483647;
			files = (
			);
			runOnlyForDeploymentPostprocessing = 0;
		};
		3033E2D22B923C3000F12097 /* Frameworks */ = {
			isa = PBXFrameworksBuildPhase;
			buildActionMask = 2147483647;
			files = (
			);
			runOnlyForDeploymentPostprocessing = 0;
		};
		3033E2DC2B923C3000F12097 /* Frameworks */ = {
			isa = PBXFrameworksBuildPhase;
			buildActionMask = 2147483647;
			files = (
			);
			runOnlyForDeploymentPostprocessing = 0;
		};
/* End PBXFrameworksBuildPhase section */

/* Begin PBXGroup section */
		3033E2BB2B923C2900F12097 = {
			isa = PBXGroup;
			children = (
				3033E2C62B923C2900F12097 /* Challenge */,
				3033E2D82B923C3000F12097 /* ChallengeTests */,
				3033E2E22B923C3000F12097 /* ChallengeUITests */,
				3033E2C52B923C2900F12097 /* Products */,
			);
			sourceTree = "<group>";
		};
		3033E2C52B923C2900F12097 /* Products */ = {
			isa = PBXGroup;
			children = (
				3033E2C42B923C2900F12097 /* Challenge.app */,
				3033E2D52B923C3000F12097 /* ChallengeTests.xctest */,
				3033E2DF2B923C3000F12097 /* ChallengeUITests.xctest */,
			);
			name = Products;
			sourceTree = "<group>";
		};
		3033E2C62B923C2900F12097 /* Challenge */ = {
			isa = PBXGroup;
			children = (
				3033E2C72B923C2900F12097 /* ChallengeApp.swift */,
				3033E2C92B923C2900F12097 /* ContentView.swift */,
				3033E2CB2B923C3000F12097 /* Assets.xcassets */,
				3033E2CD2B923C3000F12097 /* Challenge.entitlements */,
				3033E2CE2B923C3000F12097 /* Preview Content */,
			);
			path = Challenge;
			sourceTree = "<group>";
		};
		3033E2CE2B923C3000F12097 /* Preview Content */ = {
			isa = PBXGroup;
			children = (
				3033E2CF2B923C3000F12097 /* Preview Assets.xcassets */,
			);
			path = "Preview Content";
			sourceTree = "<group>";
		};
		3033E2D82B923C3000F12097 /* ChallengeTests */ = {
			isa = PBXGroup;
			children = (
				3033E2D92B923C3000F12097 /* ChallengeTests.swift */,
			);
			path = ChallengeTests;
			sourceTree = "<group>";
		};
		3033E2E22B923C3000F12097 /* ChallengeUITests */ = {
			isa = PBXGroup;
			children = (
				3033E2E32B923C3000F12097 /* ChallengeUITests.swift */,
				3033E2E52B923C3000F12097 /* ChallengeUITestsLaunchTests.swift */,
			);
			path = ChallengeUITests;
			sourceTree = "<group>";
		};
/* End PBXGroup section */

/* Begin PBXNativeTarget section */
		3033E2C32B923C2900F12097 /* Challenge */ = {
			isa = PBXNativeTarget;
			buildConfigurationList = 3033E2E92B923C3000F12097 /* Build configuration list for PBXNativeTarget "Challenge" */;
			buildPhases = (
				3033E2C02B923C2900F12097 /* Sources */,
				3033E2C12B923C2900F12097 /* Frameworks */,
				3033E2C22B923C2900F12097 /* Resources */,
			);
			buildRules = (
			);
			dependencies = (
			);
			name = Challenge;
			productName = Challenge;
			productReference = 3033E2C42B923C2900F12097 /* Challenge.app */;
			productType = "com.apple.product-type.application";
		};
		3033E2D42B923C3000F12097 /* ChallengeTests */ = {
			isa = PBXNativeTarget;
			buildConfigurationList = 3033E2EC2B923C3000F12097 /* Build configuration list for PBXNativeTarget "ChallengeTests" */;
			buildPhases = (
				3033E2D12B923C3000F12097 /* Sources */,
				3033E2D22B923C3000F12097 /* Frameworks */,
				3033E2D32B923C3000F12097 /* Resources */,
			);
			buildRules = (
			);
			dependencies = (
				3033E2D72B923C3000F12097 /* PBXTargetDependency */,
			);
			name = ChallengeTests;
			productName = ChallengeTests;
			productReference = 3033E2D52B923C3000F12097 /* ChallengeTests.xctest */;
			productType = "com.apple.product-type.bundle.unit-test";
		};
		3033E2DE2B923C3000F12097 /* ChallengeUITests */ = {
			isa = PBXNativeTarget;
			buildConfigurationList = 3033E2EF2B923C3000F12097 /* Build configuration list for PBXNativeTarget "ChallengeUITests" */;
			buildPhases = (
				3033E2DB2B923C3000F12097 /* Sources */,
				3033E2DC2B923C3000F12097 /* Frameworks */,
				3033E2DD2B923C3000F12097 /* Resources */,
			);
			buildRules = (
			);
			dependencies = (
				3033E2E12B923C3000F12097 /* PBXTargetDependency */,
			);
			name = ChallengeUITests;
			productName = ChallengeUITests;
			productReference = 3033E2DF2B923C3000F12097 /* ChallengeUITests.xctest */;
			productType = "com.apple.product-type.bundle.ui-testing";
		};
/* End PBXNativeTarget section */

/* Begin PBXProject section */
		3033E2BC2B923C2900F12097 /* Project object */ = {
			isa = PBXProject;
			attributes = {
				BuildIndependentTargetsInParallel = 1;
				LastSwiftUpdateCheck = 1420;
				LastUpgradeCheck = 1420;
				TargetAttributes = {
					3033E2C32B923C2900F12097 = {
						CreatedOnToolsVersion = 14.2;
					};
					3033E2D42B923C3000F12097 = {
						CreatedOnToolsVersion = 14.2;
						TestTargetID = 3033E2C32B923C2900F12097;
					};
					3033E2DE2B923C3000F12097 = {
						CreatedOnToolsVersion = 14.2;
						TestTargetID = 3033E2C32B923C2900F12097;
					};
				};
			};
			buildConfigurationList = 3033E2BF2B923C2900F12097 /* Build configuration list for PBXProject "Challenge" */;
			compatibilityVersion = "Xcode 14.0";
			developmentRegion = en;
			hasScannedForEncodings = 0;
			knownRegions = (
				en,
				Base,
			);
			mainGroup = 3033E2BB2B923C2900F12097;
			productRefGroup = 3033E2C52B923C2900F12097 /* Products */;
			projectDirPath = "";
			projectRoot = "";
			targets = (
				3033E2C32B923C2900F12097 /* Challenge */,
				3033E2D42B923C3000F12097 /* ChallengeTests */,
				3033E2DE2B923C3000F12097 /* ChallengeUITests */,
			);
		};
/* End PBXProject section */

/* Begin PBXResourcesBuildPhase section */
		3033E2C22B923C2900F12097 /* Resources */ = {
			isa = PBXResourcesBuildPhase;
			buildActionMask = 2147483647;
			files = (
				3033E2D02B923C3000F12097 /* Preview Assets.xcassets in Resources */,
				3033E2CC2B923C3000F12097 /* Assets.xcassets in Resources */,
			);
			runOnlyForDeploymentPostprocessing = 0;
		};
		3033E2D32B923C3000F12097 /* Resources */ = {
			isa = PBXResourcesBuildPhase;
			buildActionMask = 2147483647;
			files = (
			);
			runOnlyForDeploymentPostprocessing = 0;
		};
		3033E2DD2B923C3000F12097 /* Resources */ = {
			isa = PBXResourcesBuildPhase;
			buildActionMask = 2147483647;
			files = (
			);
			runOnlyForDeploymentPostprocessing = 0;
		};
/* End PBXResourcesBuildPhase section */

/* Begin PBXSourcesBuildPhase section */
		3033E2C02B923C2900F12097 /* Sources */ = {
			isa = PBXSourcesBuildPhase;
			buildActionMask = 2147483647;
			files = (
				3033E2CA2B923C2900F12097 /* ContentView.swift in Sources */,
				3033E2C82B923C2900F12097 /* ChallengeApp.swift in Sources */,
			);
			runOnlyForDeploymentPostprocessing = 0;
		};
		3033E2D12B923C3000F12097 /* Sources */ = {
			isa = PBXSourcesBuildPhase;
			buildActionMask = 2147483647;
			files = (
				3033E2DA2B923C3000F12097 /* ChallengeTests.swift in Sources */,
			);
			runOnlyForDeploymentPostprocessing = 0;
		};
		3033E2DB2B923C3000F12097 /* Sources */ = {
			isa = PBXSourcesBuildPhase;
			buildActionMask = 2147483647;
			files = (
				3033E2E62B923C3000F12097 /* ChallengeUITestsLaunchTests.swift in Sources */,
				3033E2E42B923C3000F12097 /* ChallengeUITests.swift in Sources */,
			);
			runOnlyForDeploymentPostprocessing = 0;
		};
/* End PBXSourcesBuildPhase section */

/* Begin PBXTargetDependency section */
		3033E2D72B923C3000F12097 /* PBXTargetDependency */ = {
			isa = PBXTargetDependency;
			target = 3033E2C32B923C2900F12097 /* Challenge */;
			targetProxy = 3033E2D62B923C3000F12097 /* PBXContainerItemProxy */;
		};
		3033E2E12B923C3000F12097 /* PBXTargetDependency */ = {
			isa = PBXTargetDependency;
			target = 3033E2C32B923C2900F12097 /* Challenge */;
			targetProxy = 3033E2E02B923C3000F12097 /* PBXContainerItemProxy */;
		};
/* End PBXTargetDependency section */

/* Begin XCBuildConfiguration section */
		3033E2E72B923C3000F12097 /* Debug */ = {
			isa = XCBuildConfiguration;
			buildSettings = {
				ALWAYS_SEARCH_USER_PATHS = NO;
				CLANG_ANALYZER_NONNULL = YES;
				CLANG_ANALYZER_NUMBER_OBJECT_CONVERSION = YES_AGGRESSIVE;
				CLANG_CXX_LANGUAGE_STANDARD = "gnu++20";
				CLANG_ENABLE_MODULES = YES;
				CLANG_ENABLE_OBJC_ARC = YES;
				CLANG_ENABLE_OBJC_WEAK = YES;
				CLANG_WARN_BLOCK_CAPTURE_AUTORELEASING = YES;
				CLANG_WARN_BOOL_CONVERSION = YES;
				CLANG_WARN_COMMA = YES;
				CLANG_WARN_CONSTANT_CONVERSION = YES;
				CLANG_WARN_DEPRECATED_OBJC_IMPLEMENTATIONS = YES;
				CLANG_WARN_DIRECT_OBJC_ISA_USAGE = YES_ERROR;
				CLANG_WARN_DOCUMENTATION_COMMENTS = YES;
				CLANG_WARN_EMPTY_BODY = YES;
				CLANG_WARN_ENUM_CONVERSION = YES;
				CLANG_WARN_INFINITE_RECURSION = YES;
				CLANG_WARN_INT_CONVERSION = YES;
				CLANG_WARN_NON_LITERAL_NULL_CONVERSION = YES;
				CLANG_WARN_OBJC_IMPLICIT_RETAIN_SELF = YES;
				CLANG_WARN_OBJC_LITERAL_CONVERSION = YES;
				CLANG_WARN_OBJC_ROOT_CLASS = YES_ERROR;
				CLANG_WARN_QUOTED_INCLUDE_IN_FRAMEWORK_HEADER = YES;
				CLANG_WARN_RANGE_LOOP_ANALYSIS = YES;
				CLANG_WARN_STRICT_PROTOTYPES = YES;
				CLANG_WARN_SUSPICIOUS_MOVE = YES;
				CLANG_WARN_UNGUARDED_AVAILABILITY = YES_AGGRESSIVE;
				CLANG_WARN_UNREACHABLE_CODE = YES;
				CLANG_WARN__DUPLICATE_METHOD_MATCH = YES;
				COPY_PHASE_STRIP = NO;
				DEBUG_INFORMATION_FORMAT = dwarf;
				ENABLE_STRICT_OBJC_MSGSEND = YES;
				ENABLE_TESTABILITY = YES;
				GCC_C_LANGUAGE_STANDARD = gnu11;
				GCC_DYNAMIC_NO_PIC = NO;
				GCC_NO_COMMON_BLOCKS = YES;
				GCC_OPTIMIZATION_LEVEL = 0;
				GCC_PREPROCESSOR_DEFINITIONS = (
					"DEBUG=1",
					"$(inherited)",
				);
				GCC_WARN_64_TO_32_BIT_CONVERSION = YES;
				GCC_WARN_ABOUT_RETURN_TYPE = YES_ERROR;
				GCC_WARN_UNDECLARED_SELECTOR = YES;
				GCC_WARN_UNINITIALIZED_AUTOS = YES_AGGRESSIVE;
				GCC_WARN_UNUSED_FUNCTION = YES;
				GCC_WARN_UNUSED_VARIABLE = YES;
				MTL_ENABLE_DEBUG_INFO = INCLUDE_SOURCE;
				MTL_FAST_MATH = YES;
				ONLY_ACTIVE_ARCH = YES;
				SWIFT_ACTIVE_COMPILATION_CONDITIONS = DEBUG;
				SWIFT_OPTIMIZATION_LEVEL = "-Onone";
			};
			name = Debug;
		};
		3033E2E82B923C3000F12097 /* Release */ = {
			isa = XCBuildConfiguration;
			buildSettings = {
				ALWAYS_SEARCH_USER_PATHS = NO;
				CLANG_ANALYZER_NONNULL = YES;
				CLANG_ANALYZER_NUMBER_OBJECT_CONVERSION = YES_AGGRESSIVE;
				CLANG_CXX_LANGUAGE_STANDARD = "gnu++20";
				CLANG_ENABLE_MODULES = YES;
				CLANG_ENABLE_OBJC_ARC = YES;
				CLANG_ENABLE_OBJC_WEAK = YES;
				CLANG_WARN_BLOCK_CAPTURE_AUTORELEASING = YES;
				CLANG_WARN_BOOL_CONVERSION = YES;
				CLANG_WARN_COMMA = YES;
				CLANG_WARN_CONSTANT_CONVERSION = YES;
				CLANG_WARN_DEPRECATED_OBJC_IMPLEMENTATIONS = YES;
				CLANG_WARN_DIRECT_OBJC_ISA_USAGE = YES_ERROR;
				CLANG_WARN_DOCUMENTATION_COMMENTS = YES;
				CLANG_WARN_EMPTY_BODY = YES;
				CLANG_WARN_ENUM_CONVERSION = YES;
				CLANG_WARN_INFINITE_RECURSION = YES;
				CLANG_WARN_INT_CONVERSION = YES;
				CLANG_WARN_NON_LITERAL_NULL_CONVERSION = YES;
				CLANG_WARN_OBJC_IMPLICIT_RETAIN_SELF = YES;
				CLANG_WARN_OBJC_LITERAL_CONVERSION = YES;
				CLANG_WARN_OBJC_ROOT_CLASS = YES_ERROR;
				CLANG_WARN_QUOTED_INCLUDE_IN_FRAMEWORK_HEADER = YES;
				CLANG_WARN_RANGE_LOOP_ANALYSIS = YES;
				CLANG_WARN_STRICT_PROTOTYPES = YES;
				CLANG_WARN_SUSPICIOUS_MOVE = YES;
				CLANG_WARN_UNGUARDED_AVAILABILITY = YES_AGGRESSIVE;
				CLANG_WARN_UNREACHABLE_CODE = YES;
				CLANG_WARN__DUPLICATE_METHOD_MATCH = YES;
				COPY_PHASE_STRIP = NO;
				DEBUG_INFORMATION_FORMAT = "dwarf-with-dsym";
				ENABLE_NS_ASSERTIONS = NO;
				ENABLE_STRICT_OBJC_MSGSEND = YES;
				GCC_C_LANGUAGE_STANDARD = gnu11;
				GCC_NO_COMMON_BLOCKS = YES;
				GCC_WARN_64_TO_32_BIT_CONVERSION = YES;
				GCC_WARN_ABOUT_RETURN_TYPE = YES_ERROR;
				GCC_WARN_UNDECLARED_SELECTOR = YES;
				GCC_WARN_UNINITIALIZED_AUTOS = YES_AGGRESSIVE;
				GCC_WARN_UNUSED_FUNCTION = YES;
				GCC_WARN_UNUSED_VARIABLE = YES;
				MTL_ENABLE_DEBUG_INFO = NO;
				MTL_FAST_MATH = YES;
				SWIFT_COMPILATION_MODE = wholemodule;
				SWIFT_OPTIMIZATION_LEVEL = "-O";
			};
			name = Release;
		};
		3033E2EA2B923C3000F12097 /* Debug */ = {
			isa = XCBuildConfiguration;
			buildSettings = {
				ASSETCATALOG_COMPILER_APPICON_NAME = AppIcon;
				ASSETCATALOG_COMPILER_GLOBAL_ACCENT_COLOR_NAME = AccentColor;
				CODE_SIGN_ENTITLEMENTS = Challenge/Challenge.entitlements;
				CODE_SIGN_STYLE = Automatic;
				CURRENT_PROJECT_VERSION = 1;
				DEVELOPMENT_ASSET_PATHS = "\"Challenge/Preview Content\"";
				ENABLE_PREVIEWS = YES;
				GENERATE_INFOPLIST_FILE = YES;
				"INFOPLIST_KEY_UIApplicationSceneManifest_Generation[sdk=iphoneos*]" = YES;
				"INFOPLIST_KEY_UIApplicationSceneManifest_Generation[sdk=iphonesimulator*]" = YES;
				"INFOPLIST_KEY_UIApplicationSupportsIndirectInputEvents[sdk=iphoneos*]" = YES;
				"INFOPLIST_KEY_UIApplicationSupportsIndirectInputEvents[sdk=iphonesimulator*]" = YES;
				"INFOPLIST_KEY_UILaunchScreen_Generation[sdk=iphoneos*]" = YES;
				"INFOPLIST_KEY_UILaunchScreen_Generation[sdk=iphonesimulator*]" = YES;
				"INFOPLIST_KEY_UIStatusBarStyle[sdk=iphoneos*]" = UIStatusBarStyleDefault;
				"INFOPLIST_KEY_UIStatusBarStyle[sdk=iphonesimulator*]" = UIStatusBarStyleDefault;
				INFOPLIST_KEY_UISupportedInterfaceOrientations_iPad = "UIInterfaceOrientationPortrait UIInterfaceOrientationPortraitUpsideDown UIInterfaceOrientationLandscapeLeft UIInterfaceOrientationLandscapeRight";
				INFOPLIST_KEY_UISupportedInterfaceOrientations_iPhone = "UIInterfaceOrientationPortrait UIInterfaceOrientationLandscapeLeft UIInterfaceOrientationLandscapeRight";
				IPHONEOS_DEPLOYMENT_TARGET = 16.2;
				LD_RUNPATH_SEARCH_PATHS = "@executable_path/Frameworks";
				"LD_RUNPATH_SEARCH_PATHS[sdk=macosx*]" = "@executable_path/../Frameworks";
				MACOSX_DEPLOYMENT_TARGET = 12.7;
				MARKETING_VERSION = 1.0;
				PRODUCT_BUNDLE_IDENTIFIER = WarGame.Challenge;
				PRODUCT_NAME = "$(TARGET_NAME)";
				SDKROOT = auto;
				SUPPORTED_PLATFORMS = "iphoneos iphonesimulator macosx";
				SWIFT_EMIT_LOC_STRINGS = YES;
				SWIFT_VERSION = 5.0;
				TARGETED_DEVICE_FAMILY = "1,2";
			};
			name = Debug;
		};
		3033E2EB2B923C3000F12097 /* Release */ = {
			isa = XCBuildConfiguration;
			buildSettings = {
				ASSETCATALOG_COMPILER_APPICON_NAME = AppIcon;
				ASSETCATALOG_COMPILER_GLOBAL_ACCENT_COLOR_NAME = AccentColor;
				CODE_SIGN_ENTITLEMENTS = Challenge/Challenge.entitlements;
				CODE_SIGN_STYLE = Automatic;
				CURRENT_PROJECT_VERSION = 1;
				DEVELOPMENT_ASSET_PATHS = "\"Challenge/Preview Content\"";
				ENABLE_PREVIEWS = YES;
				GENERATE_INFOPLIST_FILE = YES;
				"INFOPLIST_KEY_UIApplicationSceneManifest_Generation[sdk=iphoneos*]" = YES;
				"INFOPLIST_KEY_UIApplicationSceneManifest_Generation[sdk=iphonesimulator*]" = YES;
				"INFOPLIST_KEY_UIApplicationSupportsIndirectInputEvents[sdk=iphoneos*]" = YES;
				"INFOPLIST_KEY_UIApplicationSupportsIndirectInputEvents[sdk=iphonesimulator*]" = YES;
				"INFOPLIST_KEY_UILaunchScreen_Generation[sdk=iphoneos*]" = YES;
				"INFOPLIST_KEY_UILaunchScreen_Generation[sdk=iphonesimulator*]" = YES;
				"INFOPLIST_KEY_UIStatusBarStyle[sdk=iphoneos*]" = UIStatusBarStyleDefault;
				"INFOPLIST_KEY_UIStatusBarStyle[sdk=iphonesimulator*]" = UIStatusBarStyleDefault;
				INFOPLIST_KEY_UISupportedInterfaceOrientations_iPad = "UIInterfaceOrientationPortrait UIInterfaceOrientationPortraitUpsideDown UIInterfaceOrientationLandscapeLeft UIInterfaceOrientationLandscapeRight";
				INFOPLIST_KEY_UISupportedInterfaceOrientations_iPhone = "UIInterfaceOrientationPortrait UIInterfaceOrientationLandscapeLeft UIInterfaceOrientationLandscapeRight";
				IPHONEOS_DEPLOYMENT_TARGET = 16.2;
				LD_RUNPATH_SEARCH_PATHS = "@executable_path/Frameworks";
				"LD_RUNPATH_SEARCH_PATHS[sdk=macosx*]" = "@executable_path/../Frameworks";
				MACOSX_DEPLOYMENT_TARGET = 12.7;
				MARKETING_VERSION = 1.0;
				PRODUCT_BUNDLE_IDENTIFIER = WarGame.Challenge;
				PRODUCT_NAME = "$(TARGET_NAME)";
				SDKROOT = auto;
				SUPPORTED_PLATFORMS = "iphoneos iphonesimulator macosx";
				SWIFT_EMIT_LOC_STRINGS = YES;
				SWIFT_VERSION = 5.0;
				TARGETED_DEVICE_FAMILY = "1,2";
			};
			name = Release;
		};
		3033E2ED2B923C3000F12097 /* Debug */ = {
			isa = XCBuildConfiguration;
			buildSettings = {
				ALWAYS_EMBED_SWIFT_STANDARD_LIBRARIES = YES;
				BUNDLE_LOADER = "$(TEST_HOST)";
				CODE_SIGN_STYLE = Automatic;
				CURRENT_PROJECT_VERSION = 1;
				GENERATE_INFOPLIST_FILE = YES;
				IPHONEOS_DEPLOYMENT_TARGET = 16.2;
				MACOSX_DEPLOYMENT_TARGET = 12.7;
				MARKETING_VERSION = 1.0;
				PRODUCT_BUNDLE_IDENTIFIER = WarGame.ChallengeTests;
				PRODUCT_NAME = "$(TARGET_NAME)";
				SDKROOT = auto;
				SUPPORTED_PLATFORMS = "iphoneos iphonesimulator macosx";
				SWIFT_EMIT_LOC_STRINGS = NO;
				SWIFT_VERSION = 5.0;
				TARGETED_DEVICE_FAMILY = "1,2";
				TEST_HOST = "$(BUILT_PRODUCTS_DIR)/Challenge.app/$(BUNDLE_EXECUTABLE_FOLDER_PATH)/Challenge";
			};
			name = Debug;
		};
		3033E2EE2B923C3000F12097 /* Release */ = {
			isa = XCBuildConfiguration;
			buildSettings = {
				ALWAYS_EMBED_SWIFT_STANDARD_LIBRARIES = YES;
				BUNDLE_LOADER = "$(TEST_HOST)";
				CODE_SIGN_STYLE = Automatic;
				CURRENT_PROJECT_VERSION = 1;
				GENERATE_INFOPLIST_FILE = YES;
				IPHONEOS_DEPLOYMENT_TARGET = 16.2;
				MACOSX_DEPLOYMENT_TARGET = 12.7;
				MARKETING_VERSION = 1.0;
				PRODUCT_BUNDLE_IDENTIFIER = WarGame.ChallengeTests;
				PRODUCT_NAME = "$(TARGET_NAME)";
				SDKROOT = auto;
				SUPPORTED_PLATFORMS = "iphoneos iphonesimulator macosx";
				SWIFT_EMIT_LOC_STRINGS = NO;
				SWIFT_VERSION = 5.0;
				TARGETED_DEVICE_FAMILY = "1,2";
				TEST_HOST = "$(BUILT_PRODUCTS_DIR)/Challenge.app/$(BUNDLE_EXECUTABLE_FOLDER_PATH)/Challenge";
			};
			name = Release;
		};
		3033E2F02B923C3000F12097 /* Debug */ = {
			isa = XCBuildConfiguration;
			buildSettings = {
				ALWAYS_EMBED_SWIFT_STANDARD_LIBRARIES = YES;
				CODE_SIGN_STYLE = Automatic;
				CURRENT_PROJECT_VERSION = 1;
				GENERATE_INFOPLIST_FILE = YES;
				IPHONEOS_DEPLOYMENT_TARGET = 16.2;
				MACOSX_DEPLOYMENT_TARGET = 12.7;
				MARKETING_VERSION = 1.0;
				PRODUCT_BUNDLE_IDENTIFIER = WarGame.ChallengeUITests;
				PRODUCT_NAME = "$(TARGET_NAME)";
				SDKROOT = auto;
				SUPPORTED_PLATFORMS = "iphoneos iphonesimulator macosx";
				SWIFT_EMIT_LOC_STRINGS = NO;
				SWIFT_VERSION = 5.0;
				TARGETED_DEVICE_FAMILY = "1,2";
				TEST_TARGET_NAME = Challenge;
			};
			name = Debug;
		};
		3033E2F12B923C3000F12097 /* Release */ = {
			isa = XCBuildConfiguration;
			buildSettings = {
				ALWAYS_EMBED_SWIFT_STANDARD_LIBRARIES = YES;
				CODE_SIGN_STYLE = Automatic;
				CURRENT_PROJECT_VERSION = 1;
				GENERATE_INFOPLIST_FILE = YES;
				IPHONEOS_DEPLOYMENT_TARGET = 16.2;
				MACOSX_DEPLOYMENT_TARGET = 12.7;
				MARKETING_VERSION = 1.0;
				PRODUCT_BUNDLE_IDENTIFIER = WarGame.ChallengeUITests;
				PRODUCT_NAME = "$(TARGET_NAME)";
				SDKROOT = auto;
				SUPPORTED_PLATFORMS = "iphoneos iphonesimulator macosx";
				SWIFT_EMIT_LOC_STRINGS = NO;
				SWIFT_VERSION = 5.0;
				TARGETED_DEVICE_FAMILY = "1,2";
				TEST_TARGET_NAME = Challenge;
			};
			name = Release;
		};
/* End XCBuildConfiguration section */

/* Begin XCConfigurationList section */
		3033E2BF2B923C2900F12097 /* Build configuration list for PBXProject "Challenge" */ = {
			isa = XCConfigurationList;
			buildConfigurations = (
				3033E2E72B923C3000F12097 /* Debug */,
				3033E2E82B923C3000F12097 /* Release */,
			);
			defaultConfigurationIsVisible = 0;
			defaultConfigurationName = Release;
		};
		3033E2E92B923C3000F12097 /* Build configuration list for PBXNativeTarget "Challenge" */ = {
			isa = XCConfigurationList;
			buildConfigurations = (
				3033E2EA2B923C3000F12097 /* Debug */,
				3033E2EB2B923C3000F12097 /* Release */,
			);
			defaultConfigurationIsVisible = 0;
			defaultConfigurationName = Release;
		};
		3033E2EC2B923C3000F12097 /* Build configuration list for PBXNativeTarget "ChallengeTests" */ = {
			isa = XCConfigurationList;
			buildConfigurations = (
				3033E2ED2B923C3000F12097 /* Debug */,
				3033E2EE2B923C3000F12097 /* Release */,
			);
			defaultConfigurationIsVisible = 0;
			defaultConfigurationName = Release;
		};
		3033E2EF2B923C3000F12097 /* Build configuration list for PBXNativeTarget "ChallengeUITests" */ = {
			isa = XCConfigurationList;
			buildConfigurations = (
				3033E2F02B923C3000F12097 /* Debug */,
				3033E2F12B923C3000F12097 /* Release */,
			);
			defaultConfigurationIsVisible = 0;
			defaultConfigurationName = Release;
		};
/* End XCConfigurationList section */
	};
	rootObject = 3033E2BC2B923C2900F12097 /* Project object */;
}
