// !$*UTF8*$!
{
	archiveVersion = 1;
	classes = {
	};
	objectVersion = 56;
	objects = {

/* Begin PBXBuildFile section */
		5C6697092C3580DD0088E0D2 /* BusinessDetail.swift in Sources */ = {isa = PBXBuildFile; fileRef = 5C6697082C3580DD0088E0D2 /* BusinessDetail.swift */; };
		5CC5CB722C36C5BF0057E7EC /* BusinessMap.swift in Sources */ = {isa = PBXBuildFile; fileRef = 5CC5CB712C36C5BF0057E7EC /* BusinessMap.swift */; };
		5CC5CB752C36C6010057E7EC /* MapKit.framework in Frameworks */ = {isa = PBXBuildFile; fileRef = 5CC5CB742C36C6010057E7EC /* MapKit.framework */; };
		5CD0619A2C1AFD0B0019F198 /* City_SightsApp.swift in Sources */ = {isa = PBXBuildFile; fileRef = 5CD061992C1AFD0B0019F198 /* City_SightsApp.swift */; };
		5CD0619C2C1AFD0B0019F198 /* LaunchView.swift in Sources */ = {isa = PBXBuildFile; fileRef = 5CD0619B2C1AFD0B0019F198 /* LaunchView.swift */; };
		5CD0619E2C1AFD0D0019F198 /* Assets.xcassets in Resources */ = {isa = PBXBuildFile; fileRef = 5CD0619D2C1AFD0D0019F198 /* Assets.xcassets */; };
		5CD061A12C1AFD0D0019F198 /* Preview Assets.xcassets in Resources */ = {isa = PBXBuildFile; fileRef = 5CD061A02C1AFD0D0019F198 /* Preview Assets.xcassets */; };
		5CD061AB2C1B00460019F198 /* ContentModel.swift in Sources */ = {isa = PBXBuildFile; fileRef = 5CD061AA2C1B00460019F198 /* ContentModel.swift */; };
		5CFAD8D62C341AC4002B9D58 /* Business.swift in Sources */ = {isa = PBXBuildFile; fileRef = 5CFAD8D52C341AC4002B9D58 /* Business.swift */; };
		5CFAD8D82C341BE4002B9D58 /* BusinessSearch.swift in Sources */ = {isa = PBXBuildFile; fileRef = 5CFAD8D72C341BE4002B9D58 /* BusinessSearch.swift */; };
		5CFAD8DB2C341CCA002B9D58 /* Constants.swift in Sources */ = {isa = PBXBuildFile; fileRef = 5CFAD8DA2C341CCA002B9D58 /* Constants.swift */; };
		5CFAD8E02C341E84002B9D58 /* HomeView.swift in Sources */ = {isa = PBXBuildFile; fileRef = 5CFAD8DF2C341E84002B9D58 /* HomeView.swift */; };
		5CFAD8E92C341F9A002B9D58 /* BusinessList.swift in Sources */ = {isa = PBXBuildFile; fileRef = 5CFAD8E82C341F9A002B9D58 /* BusinessList.swift */; };
		5CFAD8EB2C342080002B9D58 /* BusinessSectionHeader.swift in Sources */ = {isa = PBXBuildFile; fileRef = 5CFAD8EA2C342080002B9D58 /* BusinessSectionHeader.swift */; };
		5CFAD8ED2C3420D2002B9D58 /* BusinessSection.swift in Sources */ = {isa = PBXBuildFile; fileRef = 5CFAD8EC2C3420D2002B9D58 /* BusinessSection.swift */; };
		5CFAD8EF2C342614002B9D58 /* BusinessRow.swift in Sources */ = {isa = PBXBuildFile; fileRef = 5CFAD8EE2C342614002B9D58 /* BusinessRow.swift */; };
/* End PBXBuildFile section */

/* Begin PBXFileReference section */
		5C6697082C3580DD0088E0D2 /* BusinessDetail.swift */ = {isa = PBXFileReference; lastKnownFileType = sourcecode.swift; path = BusinessDetail.swift; sourceTree = "<group>"; };
		5CC5CB712C36C5BF0057E7EC /* BusinessMap.swift */ = {isa = PBXFileReference; lastKnownFileType = sourcecode.swift; path = BusinessMap.swift; sourceTree = "<group>"; };
		5CC5CB742C36C6010057E7EC /* MapKit.framework */ = {isa = PBXFileReference; lastKnownFileType = wrapper.framework; name = MapKit.framework; path = System/Library/Frameworks/MapKit.framework; sourceTree = SDKROOT; };
		5CD061962C1AFD0B0019F198 /* City Sights.app */ = {isa = PBXFileReference; explicitFileType = wrapper.application; includeInIndex = 0; path = "City Sights.app"; sourceTree = BUILT_PRODUCTS_DIR; };
		5CD061992C1AFD0B0019F198 /* City_SightsApp.swift */ = {isa = PBXFileReference; lastKnownFileType = sourcecode.swift; path = City_SightsApp.swift; sourceTree = "<group>"; };
		5CD0619B2C1AFD0B0019F198 /* LaunchView.swift */ = {isa = PBXFileReference; lastKnownFileType = sourcecode.swift; path = LaunchView.swift; sourceTree = "<group>"; };
		5CD0619D2C1AFD0D0019F198 /* Assets.xcassets */ = {isa = PBXFileReference; lastKnownFileType = folder.assetcatalog; path = Assets.xcassets; sourceTree = "<group>"; };
		5CD061A02C1AFD0D0019F198 /* Preview Assets.xcassets */ = {isa = PBXFileReference; lastKnownFileType = folder.assetcatalog; path = "Preview Assets.xcassets"; sourceTree = "<group>"; };
		5CD061AA2C1B00460019F198 /* ContentModel.swift */ = {isa = PBXFileReference; lastKnownFileType = sourcecode.swift; path = ContentModel.swift; sourceTree = "<group>"; };
		5CFAD8D52C341AC4002B9D58 /* Business.swift */ = {isa = PBXFileReference; lastKnownFileType = sourcecode.swift; path = Business.swift; sourceTree = "<group>"; };
		5CFAD8D72C341BE4002B9D58 /* BusinessSearch.swift */ = {isa = PBXFileReference; lastKnownFileType = sourcecode.swift; path = BusinessSearch.swift; sourceTree = "<group>"; };
		5CFAD8DA2C341CCA002B9D58 /* Constants.swift */ = {isa = PBXFileReference; lastKnownFileType = sourcecode.swift; path = Constants.swift; sourceTree = "<group>"; };
		5CFAD8DF2C341E84002B9D58 /* HomeView.swift */ = {isa = PBXFileReference; lastKnownFileType = sourcecode.swift; path = HomeView.swift; sourceTree = "<group>"; };
		5CFAD8E82C341F9A002B9D58 /* BusinessList.swift */ = {isa = PBXFileReference; lastKnownFileType = sourcecode.swift; path = BusinessList.swift; sourceTree = "<group>"; };
		5CFAD8EA2C342080002B9D58 /* BusinessSectionHeader.swift */ = {isa = PBXFileReference; lastKnownFileType = sourcecode.swift; path = BusinessSectionHeader.swift; sourceTree = "<group>"; };
		5CFAD8EC2C3420D2002B9D58 /* BusinessSection.swift */ = {isa = PBXFileReference; lastKnownFileType = sourcecode.swift; path = BusinessSection.swift; sourceTree = "<group>"; };
		5CFAD8EE2C342614002B9D58 /* BusinessRow.swift */ = {isa = PBXFileReference; lastKnownFileType = sourcecode.swift; path = BusinessRow.swift; sourceTree = "<group>"; };
/* End PBXFileReference section */

/* Begin PBXFrameworksBuildPhase section */
		5CD061932C1AFD0B0019F198 /* Frameworks */ = {
			isa = PBXFrameworksBuildPhase;
			buildActionMask = 2147483647;
			files = (
				5CC5CB752C36C6010057E7EC /* MapKit.framework in Frameworks */,
			);
			runOnlyForDeploymentPostprocessing = 0;
		};
/* End PBXFrameworksBuildPhase section */

/* Begin PBXGroup section */
		5C6697072C3580BE0088E0D2 /* Detail */ = {
			isa = PBXGroup;
			children = (
				5C6697082C3580DD0088E0D2 /* BusinessDetail.swift */,
			);
			path = Detail;
			sourceTree = "<group>";
		};
		5CC5CB702C36C58F0057E7EC /* Map */ = {
			isa = PBXGroup;
			children = (
				5CC5CB712C36C5BF0057E7EC /* BusinessMap.swift */,
			);
			path = Map;
			sourceTree = "<group>";
		};
		5CC5CB732C36C6010057E7EC /* Frameworks */ = {
			isa = PBXGroup;
			children = (
				5CC5CB742C36C6010057E7EC /* MapKit.framework */,
			);
			name = Frameworks;
			sourceTree = "<group>";
		};
		5CD0618D2C1AFD0B0019F198 = {
			isa = PBXGroup;
			children = (
				5CD061982C1AFD0B0019F198 /* City Sights */,
				5CD061972C1AFD0B0019F198 /* Products */,
				5CC5CB732C36C6010057E7EC /* Frameworks */,
			);
			sourceTree = "<group>";
		};
		5CD061972C1AFD0B0019F198 /* Products */ = {
			isa = PBXGroup;
			children = (
				5CD061962C1AFD0B0019F198 /* City Sights.app */,
			);
			name = Products;
			sourceTree = "<group>";
		};
		5CD061982C1AFD0B0019F198 /* City Sights */ = {
			isa = PBXGroup;
			children = (
				5CD061992C1AFD0B0019F198 /* City_SightsApp.swift */,
				5CD061A72C1AFD330019F198 /* Views */,
				5CD061A82C1AFD3C0019F198 /* ViewModels */,
				5CD061A92C1AFD470019F198 /* Models */,
				5CFAD8D92C341C44002B9D58 /* Helpers */,
				5CD0619D2C1AFD0D0019F198 /* Assets.xcassets */,
				5CD0619F2C1AFD0D0019F198 /* Preview Content */,
			);
			path = "City Sights";
			sourceTree = "<group>";
		};
		5CD0619F2C1AFD0D0019F198 /* Preview Content */ = {
			isa = PBXGroup;
			children = (
				5CD061A02C1AFD0D0019F198 /* Preview Assets.xcassets */,
			);
			path = "Preview Content";
			sourceTree = "<group>";
		};
		5CD061A72C1AFD330019F198 /* Views */ = {
			isa = PBXGroup;
			children = (
				5CD0619B2C1AFD0B0019F198 /* LaunchView.swift */,
				5CFAD8DC2C341E2D002B9D58 /* Home */,
				5CFAD8DD2C341E39002B9D58 /* Denied */,
				5CFAD8DE2C341E4E002B9D58 /* Onboarding */,
			);
			path = Views;
			sourceTree = "<group>";
		};
		5CD061A82C1AFD3C0019F198 /* ViewModels */ = {
			isa = PBXGroup;
			children = (
				5CD061AA2C1B00460019F198 /* ContentModel.swift */,
			);
			path = ViewModels;
			sourceTree = "<group>";
		};
		5CD061A92C1AFD470019F198 /* Models */ = {
			isa = PBXGroup;
			children = (
				5CFAD8D52C341AC4002B9D58 /* Business.swift */,
				5CFAD8D72C341BE4002B9D58 /* BusinessSearch.swift */,
			);
			path = Models;
			sourceTree = "<group>";
		};
		5CFAD8D92C341C44002B9D58 /* Helpers */ = {
			isa = PBXGroup;
			children = (
				5CFAD8DA2C341CCA002B9D58 /* Constants.swift */,
			);
			path = Helpers;
			sourceTree = "<group>";
		};
		5CFAD8DC2C341E2D002B9D58 /* Home */ = {
			isa = PBXGroup;
			children = (
				5CFAD8DF2C341E84002B9D58 /* HomeView.swift */,
				5CC5CB702C36C58F0057E7EC /* Map */,
				5CFAD8E12C341EE2002B9D58 /* List */,
			);
			path = Home;
			sourceTree = "<group>";
		};
		5CFAD8DD2C341E39002B9D58 /* Denied */ = {
			isa = PBXGroup;
			children = (
			);
			path = Denied;
			sourceTree = "<group>";
		};
		5CFAD8DE2C341E4E002B9D58 /* Onboarding */ = {
			isa = PBXGroup;
			children = (
			);
			path = Onboarding;
			sourceTree = "<group>";
		};
		5CFAD8E12C341EE2002B9D58 /* List */ = {
			isa = PBXGroup;
			children = (
				5CFAD8E82C341F9A002B9D58 /* BusinessList.swift */,
				5CFAD8EA2C342080002B9D58 /* BusinessSectionHeader.swift */,
				5CFAD8EC2C3420D2002B9D58 /* BusinessSection.swift */,
				5CFAD8EE2C342614002B9D58 /* BusinessRow.swift */,
				5C6697072C3580BE0088E0D2 /* Detail */,
			);
			path = List;
			sourceTree = "<group>";
		};
/* End PBXGroup section */

/* Begin PBXNativeTarget section */
		5CD061952C1AFD0B0019F198 /* City Sights */ = {
			isa = PBXNativeTarget;
			buildConfigurationList = 5CD061A42C1AFD0D0019F198 /* Build configuration list for PBXNativeTarget "City Sights" */;
			buildPhases = (
				5CD061922C1AFD0B0019F198 /* Sources */,
				5CD061932C1AFD0B0019F198 /* Frameworks */,
				5CD061942C1AFD0B0019F198 /* Resources */,
			);
			buildRules = (
			);
			dependencies = (
			);
			name = "City Sights";
			productName = "City Sights";
			productReference = 5CD061962C1AFD0B0019F198 /* City Sights.app */;
			productType = "com.apple.product-type.application";
		};
/* End PBXNativeTarget section */

/* Begin PBXProject section */
		5CD0618E2C1AFD0B0019F198 /* Project object */ = {
			isa = PBXProject;
			attributes = {
				BuildIndependentTargetsInParallel = 1;
				LastSwiftUpdateCheck = 1520;
				LastUpgradeCheck = 1520;
				TargetAttributes = {
					5CD061952C1AFD0B0019F198 = {
						CreatedOnToolsVersion = 15.2;
					};
				};
			};
			buildConfigurationList = 5CD061912C1AFD0B0019F198 /* Build configuration list for PBXProject "City Sights" */;
			compatibilityVersion = "Xcode 14.0";
			developmentRegion = en;
			hasScannedForEncodings = 0;
			knownRegions = (
				en,
				Base,
			);
			mainGroup = 5CD0618D2C1AFD0B0019F198;
			productRefGroup = 5CD061972C1AFD0B0019F198 /* Products */;
			projectDirPath = "";
			projectRoot = "";
			targets = (
				5CD061952C1AFD0B0019F198 /* City Sights */,
			);
		};
/* End PBXProject section */

/* Begin PBXResourcesBuildPhase section */
		5CD061942C1AFD0B0019F198 /* Resources */ = {
			isa = PBXResourcesBuildPhase;
			buildActionMask = 2147483647;
			files = (
				5CD061A12C1AFD0D0019F198 /* Preview Assets.xcassets in Resources */,
				5CD0619E2C1AFD0D0019F198 /* Assets.xcassets in Resources */,
			);
			runOnlyForDeploymentPostprocessing = 0;
		};
/* End PBXResourcesBuildPhase section */

/* Begin PBXSourcesBuildPhase section */
		5CD061922C1AFD0B0019F198 /* Sources */ = {
			isa = PBXSourcesBuildPhase;
			buildActionMask = 2147483647;
			files = (
				5CD0619C2C1AFD0B0019F198 /* LaunchView.swift in Sources */,
				5CFAD8EF2C342614002B9D58 /* BusinessRow.swift in Sources */,
				5CFAD8E02C341E84002B9D58 /* HomeView.swift in Sources */,
				5CFAD8EB2C342080002B9D58 /* BusinessSectionHeader.swift in Sources */,
				5CFAD8D62C341AC4002B9D58 /* Business.swift in Sources */,
				5CFAD8E92C341F9A002B9D58 /* BusinessList.swift in Sources */,
				5C6697092C3580DD0088E0D2 /* BusinessDetail.swift in Sources */,
				5CD0619A2C1AFD0B0019F198 /* City_SightsApp.swift in Sources */,
				5CFAD8D82C341BE4002B9D58 /* BusinessSearch.swift in Sources */,
				5CC5CB722C36C5BF0057E7EC /* BusinessMap.swift in Sources */,
				5CFAD8ED2C3420D2002B9D58 /* BusinessSection.swift in Sources */,
				5CD061AB2C1B00460019F198 /* ContentModel.swift in Sources */,
				5CFAD8DB2C341CCA002B9D58 /* Constants.swift in Sources */,
			);
			runOnlyForDeploymentPostprocessing = 0;
		};
/* End PBXSourcesBuildPhase section */

/* Begin XCBuildConfiguration section */
		5CD061A22C1AFD0D0019F198 /* Debug */ = {
			isa = XCBuildConfiguration;
			buildSettings = {
				ALWAYS_SEARCH_USER_PATHS = NO;
				ASSETCATALOG_COMPILER_GENERATE_SWIFT_ASSET_SYMBOL_EXTENSIONS = YES;
				CLANG_ANALYZER_NONNULL = YES;
				CLANG_ANALYZER_NUMBER_OBJECT_CONVERSION = YES_AGGRESSIVE;
				CLANG_CXX_LANGUAGE_STANDARD = "gnu++20";
				CLANG_ENABLE_MODULES = YES;
				CLANG_ENABLE_OBJC_ARC = YES;
				CLANG_ENABLE_OBJC_WEAK = YES;
				CLANG_WARN_BLOCK_CAPTURE_AUTORELEASING = YES;
				CLANG_WARN_BOOL_CONVERSION = YES;
				CLANG_WARN_COMMA = YES;
				CLANG_WARN_CONSTANT_CONVERSION = YES;
				CLANG_WARN_DEPRECATED_OBJC_IMPLEMENTATIONS = YES;
				CLANG_WARN_DIRECT_OBJC_ISA_USAGE = YES_ERROR;
				CLANG_WARN_DOCUMENTATION_COMMENTS = YES;
				CLANG_WARN_EMPTY_BODY = YES;
				CLANG_WARN_ENUM_CONVERSION = YES;
				CLANG_WARN_INFINITE_RECURSION = YES;
				CLANG_WARN_INT_CONVERSION = YES;
				CLANG_WARN_NON_LITERAL_NULL_CONVERSION = YES;
				CLANG_WARN_OBJC_IMPLICIT_RETAIN_SELF = YES;
				CLANG_WARN_OBJC_LITERAL_CONVERSION = YES;
				CLANG_WARN_OBJC_ROOT_CLASS = YES_ERROR;
				CLANG_WARN_QUOTED_INCLUDE_IN_FRAMEWORK_HEADER = YES;
				CLANG_WARN_RANGE_LOOP_ANALYSIS = YES;
				CLANG_WARN_STRICT_PROTOTYPES = YES;
				CLANG_WARN_SUSPICIOUS_MOVE = YES;
				CLANG_WARN_UNGUARDED_AVAILABILITY = YES_AGGRESSIVE;
				CLANG_WARN_UNREACHABLE_CODE = YES;
				CLANG_WARN__DUPLICATE_METHOD_MATCH = YES;
				COPY_PHASE_STRIP = NO;
				DEBUG_INFORMATION_FORMAT = dwarf;
				ENABLE_STRICT_OBJC_MSGSEND = YES;
				ENABLE_TESTABILITY = YES;
				ENABLE_USER_SCRIPT_SANDBOXING = YES;
				GCC_C_LANGUAGE_STANDARD = gnu17;
				GCC_DYNAMIC_NO_PIC = NO;
				GCC_NO_COMMON_BLOCKS = YES;
				GCC_OPTIMIZATION_LEVEL = 0;
				GCC_PREPROCESSOR_DEFINITIONS = (
					"DEBUG=1",
					"$(inherited)",
				);
				GCC_WARN_64_TO_32_BIT_CONVERSION = YES;
				GCC_WARN_ABOUT_RETURN_TYPE = YES_ERROR;
				GCC_WARN_UNDECLARED_SELECTOR = YES;
				GCC_WARN_UNINITIALIZED_AUTOS = YES_AGGRESSIVE;
				GCC_WARN_UNUSED_FUNCTION = YES;
				GCC_WARN_UNUSED_VARIABLE = YES;
				IPHONEOS_DEPLOYMENT_TARGET = 17.2;
				LOCALIZATION_PREFERS_STRING_CATALOGS = YES;
				MTL_ENABLE_DEBUG_INFO = INCLUDE_SOURCE;
				MTL_FAST_MATH = YES;
				ONLY_ACTIVE_ARCH = YES;
				SDKROOT = iphoneos;
				SWIFT_ACTIVE_COMPILATION_CONDITIONS = "DEBUG $(inherited)";
				SWIFT_OPTIMIZATION_LEVEL = "-Onone";
			};
			name = Debug;
		};
		5CD061A32C1AFD0D0019F198 /* Release */ = {
			isa = XCBuildConfiguration;
			buildSettings = {
				ALWAYS_SEARCH_USER_PATHS = NO;
				ASSETCATALOG_COMPILER_GENERATE_SWIFT_ASSET_SYMBOL_EXTENSIONS = YES;
				CLANG_ANALYZER_NONNULL = YES;
				CLANG_ANALYZER_NUMBER_OBJECT_CONVERSION = YES_AGGRESSIVE;
				CLANG_CXX_LANGUAGE_STANDARD = "gnu++20";
				CLANG_ENABLE_MODULES = YES;
				CLANG_ENABLE_OBJC_ARC = YES;
				CLANG_ENABLE_OBJC_WEAK = YES;
				CLANG_WARN_BLOCK_CAPTURE_AUTORELEASING = YES;
				CLANG_WARN_BOOL_CONVERSION = YES;
				CLANG_WARN_COMMA = YES;
				CLANG_WARN_CONSTANT_CONVERSION = YES;
				CLANG_WARN_DEPRECATED_OBJC_IMPLEMENTATIONS = YES;
				CLANG_WARN_DIRECT_OBJC_ISA_USAGE = YES_ERROR;
				CLANG_WARN_DOCUMENTATION_COMMENTS = YES;
				CLANG_WARN_EMPTY_BODY = YES;
				CLANG_WARN_ENUM_CONVERSION = YES;
				CLANG_WARN_INFINITE_RECURSION = YES;
				CLANG_WARN_INT_CONVERSION = YES;
				CLANG_WARN_NON_LITERAL_NULL_CONVERSION = YES;
				CLANG_WARN_OBJC_IMPLICIT_RETAIN_SELF = YES;
				CLANG_WARN_OBJC_LITERAL_CONVERSION = YES;
				CLANG_WARN_OBJC_ROOT_CLASS = YES_ERROR;
				CLANG_WARN_QUOTED_INCLUDE_IN_FRAMEWORK_HEADER = YES;
				CLANG_WARN_RANGE_LOOP_ANALYSIS = YES;
				CLANG_WARN_STRICT_PROTOTYPES = YES;
				CLANG_WARN_SUSPICIOUS_MOVE = YES;
				CLANG_WARN_UNGUARDED_AVAILABILITY = YES_AGGRESSIVE;
				CLANG_WARN_UNREACHABLE_CODE = YES;
				CLANG_WARN__DUPLICATE_METHOD_MATCH = YES;
				COPY_PHASE_STRIP = NO;
				DEBUG_INFORMATION_FORMAT = "dwarf-with-dsym";
				ENABLE_NS_ASSERTIONS = NO;
				ENABLE_STRICT_OBJC_MSGSEND = YES;
				ENABLE_USER_SCRIPT_SANDBOXING = YES;
				GCC_C_LANGUAGE_STANDARD = gnu17;
				GCC_NO_COMMON_BLOCKS = YES;
				GCC_WARN_64_TO_32_BIT_CONVERSION = YES;
				GCC_WARN_ABOUT_RETURN_TYPE = YES_ERROR;
				GCC_WARN_UNDECLARED_SELECTOR = YES;
				GCC_WARN_UNINITIALIZED_AUTOS = YES_AGGRESSIVE;
				GCC_WARN_UNUSED_FUNCTION = YES;
				GCC_WARN_UNUSED_VARIABLE = YES;
				IPHONEOS_DEPLOYMENT_TARGET = 17.2;
				LOCALIZATION_PREFERS_STRING_CATALOGS = YES;
				MTL_ENABLE_DEBUG_INFO = NO;
				MTL_FAST_MATH = YES;
				SDKROOT = iphoneos;
				SWIFT_COMPILATION_MODE = wholemodule;
				VALIDATE_PRODUCT = YES;
			};
			name = Release;
		};
		5CD061A52C1AFD0D0019F198 /* Debug */ = {
			isa = XCBuildConfiguration;
			buildSettings = {
				ASSETCATALOG_COMPILER_APPICON_NAME = AppIcon;
				ASSETCATALOG_COMPILER_GLOBAL_ACCENT_COLOR_NAME = AccentColor;
				CODE_SIGN_STYLE = Automatic;
				CURRENT_PROJECT_VERSION = 1;
				DEVELOPMENT_ASSET_PATHS = "\"City Sights/Preview Content\"";
				DEVELOPMENT_TEAM = 93V84HML3G;
				ENABLE_PREVIEWS = YES;
				GENERATE_INFOPLIST_FILE = YES;
				INFOPLIST_KEY_NSLocationWhenInUseUsageDescription = "Grant permission to find restaurants and sights near you.";
				INFOPLIST_KEY_UIApplicationSceneManifest_Generation = YES;
				INFOPLIST_KEY_UIApplicationSupportsIndirectInputEvents = YES;
				INFOPLIST_KEY_UILaunchScreen_Generation = YES;
				INFOPLIST_KEY_UISupportedInterfaceOrientations_iPad = "UIInterfaceOrientationPortrait UIInterfaceOrientationPortraitUpsideDown UIInterfaceOrientationLandscapeLeft UIInterfaceOrientationLandscapeRight";
				INFOPLIST_KEY_UISupportedInterfaceOrientations_iPhone = "UIInterfaceOrientationPortrait UIInterfaceOrientationLandscapeLeft UIInterfaceOrientationLandscapeRight";
				LD_RUNPATH_SEARCH_PATHS = (
					"$(inherited)",
					"@executable_path/Frameworks",
				);
				MARKETING_VERSION = 1.0;
				PRODUCT_BUNDLE_IDENTIFIER = "fgf.City-Sights";
				PRODUCT_NAME = "$(TARGET_NAME)";
				SWIFT_EMIT_LOC_STRINGS = YES;
				SWIFT_VERSION = 5.0;
				TARGETED_DEVICE_FAMILY = "1,2";
			};
			name = Debug;
		};
		5CD061A62C1AFD0D0019F198 /* Release */ = {
			isa = XCBuildConfiguration;
			buildSettings = {
				ASSETCATALOG_COMPILER_APPICON_NAME = AppIcon;
				ASSETCATALOG_COMPILER_GLOBAL_ACCENT_COLOR_NAME = AccentColor;
				CODE_SIGN_STYLE = Automatic;
				CURRENT_PROJECT_VERSION = 1;
				DEVELOPMENT_ASSET_PATHS = "\"City Sights/Preview Content\"";
				DEVELOPMENT_TEAM = 93V84HML3G;
				ENABLE_PREVIEWS = YES;
				GENERATE_INFOPLIST_FILE = YES;
				INFOPLIST_KEY_NSLocationWhenInUseUsageDescription = "Grant permission to find restaurants and sights near you.";
				INFOPLIST_KEY_UIApplicationSceneManifest_Generation = YES;
				INFOPLIST_KEY_UIApplicationSupportsIndirectInputEvents = YES;
				INFOPLIST_KEY_UILaunchScreen_Generation = YES;
				INFOPLIST_KEY_UISupportedInterfaceOrientations_iPad = "UIInterfaceOrientationPortrait UIInterfaceOrientationPortraitUpsideDown UIInterfaceOrientationLandscapeLeft UIInterfaceOrientationLandscapeRight";
				INFOPLIST_KEY_UISupportedInterfaceOrientations_iPhone = "UIInterfaceOrientationPortrait UIInterfaceOrientationLandscapeLeft UIInterfaceOrientationLandscapeRight";
				LD_RUNPATH_SEARCH_PATHS = (
					"$(inherited)",
					"@executable_path/Frameworks",
				);
				MARKETING_VERSION = 1.0;
				PRODUCT_BUNDLE_IDENTIFIER = "fgf.City-Sights";
				PRODUCT_NAME = "$(TARGET_NAME)";
				SWIFT_EMIT_LOC_STRINGS = YES;
				SWIFT_VERSION = 5.0;
				TARGETED_DEVICE_FAMILY = "1,2";
			};
			name = Release;
		};
/* End XCBuildConfiguration section */

/* Begin XCConfigurationList section */
		5CD061912C1AFD0B0019F198 /* Build configuration list for PBXProject "City Sights" */ = {
			isa = XCConfigurationList;
			buildConfigurations = (
				5CD061A22C1AFD0D0019F198 /* Debug */,
				5CD061A32C1AFD0D0019F198 /* Release */,
			);
			defaultConfigurationIsVisible = 0;
			defaultConfigurationName = Release;
		};
		5CD061A42C1AFD0D0019F198 /* Build configuration list for PBXNativeTarget "City Sights" */ = {
			isa = XCConfigurationList;
			buildConfigurations = (
				5CD061A52C1AFD0D0019F198 /* Debug */,
				5CD061A62C1AFD0D0019F198 /* Release */,
			);
			defaultConfigurationIsVisible = 0;
			defaultConfigurationName = Release;
		};
/* End XCConfigurationList section */
	};
	rootObject = 5CD0618E2C1AFD0B0019F198 /* Project object */;
}
